
Microsoft Visual Studio Solution File, Format Version 12.00
# Visual Studio 14
VisualStudioVersion = 14.0.25420.1
MinimumVisualStudioVersion = 10.0.40219.1
Project("{2150E333-8FDC-42A3-9474-1A3956D46DE8}") = "src", "src", "{3258837F-76D1-44E6-A27B-994004F62B2A}"
EndProject
Project("{2150E333-8FDC-42A3-9474-1A3956D46DE8}") = "Solution Items", "Solution Items", "{A241F2D5-B7E6-4C78-984C-0C89C0FF983F}"
	ProjectSection(SolutionItems) = preProject
		global.json = global.json
	EndProjectSection
EndProject
Project("{8BB2217D-0F2D-49D1-97BC-3654ED321F3B}") = "ASPNET_Core_Ajax_Example", "src\ASPNET_Core_Ajax_Example\ASPNET_Core_Ajax_Example.xproj", "{4BE38508-0F52-43E8-B3DF-2D869C570B91}"
EndProject
Global
	GlobalSection(SolutionConfigurationPlatforms) = preSolution
		Debug|Any CPU = Debug|Any CPU
		Release|Any CPU = Release|Any CPU
	EndGlobalSection
	GlobalSection(ProjectConfigurationPlatforms) = postSolution
		{4BE38508-0F52-43E8-B3DF-2D869C570B91}.Debug|Any CPU.ActiveCfg = Debug|Any CPU
		{4BE38508-0F52-43E8-B3DF-2D869C570B91}.Debug|Any CPU.Build.0 = Debug|Any CPU
		{4BE38508-0F52-43E8-B3DF-2D869C570B91}.Release|Any CPU.ActiveCfg = Release|Any CPU
		{4BE38508-0F52-43E8-B3DF-2D869C570B91}.Release|Any CPU.Build.0 = Release|Any CPU
	EndGlobalSection
	GlobalSection(SolutionProperties) = preSolution
		HideSolutionNode = FALSE
	EndGlobalSection
	GlobalSection(NestedProjects) = preSolution
		{4BE38508-0F52-43E8-B3DF-2D869C570B91} = {3258837F-76D1-44E6-A27B-994004F62B2A}
	EndGlobalSection
EndGlobal
